
Microsoft Visual Studio Solution File, Format Version 12.00
# Visual Studio 15
VisualStudioVersion = 15.0.28307.645
MinimumVisualStudioVersion = 10.0.40219.1
Project("{FAE04EC0-301F-11D3-BF4B-00C04F79EFBC}") = "Singleton", "Singleton\Singleton.csproj", "{3F905969-A26F-41A3-B22D-F502E93004B1}"
EndProject
Project("{FAE04EC0-301F-11D3-BF4B-00C04F79EFBC}") = "Prototipo", "Prototipo\Prototipo.csproj", "{C282E560-171B-4DD8-89F9-E318EC9E010E}"
EndProject
Project("{FAE04EC0-301F-11D3-BF4B-00C04F79EFBC}") = "Construir", "ConsoleApp1\Construir.csproj", "{F55A012B-789D-40BB-84ED-E1DABD65E475}"
EndProject
Project("{2150E333-8FDC-42A3-9474-1A3956D46DE8}") = "PatronesCreacionales", "PatronesCreacionales", "{09F449DC-7A44-4D9E-9EC5-0F7A6176FE7B}"
EndProject
Project("{2150E333-8FDC-42A3-9474-1A3956D46DE8}") = "PatronesEstructurales", "PatronesEstructurales", "{2CD983D4-F637-4105-9DE8-9DD6A3707C59}"
EndProject
Project("{2150E333-8FDC-42A3-9474-1A3956D46DE8}") = "PatronesComportamiento", "PatronesComportamiento", "{3069D48E-0DFB-492E-BE25-5B06230C7545}"
EndProject
Project("{FAE04EC0-301F-11D3-BF4B-00C04F79EFBC}") = "Adaptador", "Adaptador\Adaptador.csproj", "{3070E36A-D042-454E-B99E-20337622CA1C}"
EndProject
Project("{FAE04EC0-301F-11D3-BF4B-00C04F79EFBC}") = "Proxy", "ConsoleApp2\Proxy.csproj", "{DD44B997-86FF-4A72-850A-0B5CAEF5ABAE}"
EndProject
Project("{FAE04EC0-301F-11D3-BF4B-00C04F79EFBC}") = "Fachada", "Fachada\Fachada.csproj", "{8EF766E9-0E62-402B-BF1B-ED4E1950B0A9}"
EndProject
Project("{FAE04EC0-301F-11D3-BF4B-00C04F79EFBC}") = "CadenaResponsabilidad", "CadenaResponsabilidad\CadenaResponsabilidad.csproj", "{866D50A8-D624-4836-B22A-348186DEF075}"
EndProject
Project("{FAE04EC0-301F-11D3-BF4B-00C04F79EFBC}") = "Interprete", "Interprete\Interprete.csproj", "{C5442B55-780E-42C5-901C-80FEAAF59828}"
EndProject
Project("{FAE04EC0-301F-11D3-BF4B-00C04F79EFBC}") = "Memento", "Memento\Memento.csproj", "{2D1D34D5-4C1F-4254-9EA7-2D3C00357124}"
EndProject
Global
	GlobalSection(SolutionConfigurationPlatforms) = preSolution
		Debug|Any CPU = Debug|Any CPU
		Release|Any CPU = Release|Any CPU
	EndGlobalSection
	GlobalSection(ProjectConfigurationPlatforms) = postSolution
		{3F905969-A26F-41A3-B22D-F502E93004B1}.Debug|Any CPU.ActiveCfg = Debug|Any CPU
		{3F905969-A26F-41A3-B22D-F502E93004B1}.Debug|Any CPU.Build.0 = Debug|Any CPU
		{3F905969-A26F-41A3-B22D-F502E93004B1}.Release|Any CPU.ActiveCfg = Release|Any CPU
		{3F905969-A26F-41A3-B22D-F502E93004B1}.Release|Any CPU.Build.0 = Release|Any CPU
		{C282E560-171B-4DD8-89F9-E318EC9E010E}.Debug|Any CPU.ActiveCfg = Debug|Any CPU
		{C282E560-171B-4DD8-89F9-E318EC9E010E}.Debug|Any CPU.Build.0 = Debug|Any CPU
		{C282E560-171B-4DD8-89F9-E318EC9E010E}.Release|Any CPU.ActiveCfg = Release|Any CPU
		{C282E560-171B-4DD8-89F9-E318EC9E010E}.Release|Any CPU.Build.0 = Release|Any CPU
		{F55A012B-789D-40BB-84ED-E1DABD65E475}.Debug|Any CPU.ActiveCfg = Debug|Any CPU
		{F55A012B-789D-40BB-84ED-E1DABD65E475}.Debug|Any CPU.Build.0 = Debug|Any CPU
		{F55A012B-789D-40BB-84ED-E1DABD65E475}.Release|Any CPU.ActiveCfg = Release|Any CPU
		{F55A012B-789D-40BB-84ED-E1DABD65E475}.Release|Any CPU.Build.0 = Release|Any CPU
		{3070E36A-D042-454E-B99E-20337622CA1C}.Debug|Any CPU.ActiveCfg = Debug|Any CPU
		{3070E36A-D042-454E-B99E-20337622CA1C}.Debug|Any CPU.Build.0 = Debug|Any CPU
		{3070E36A-D042-454E-B99E-20337622CA1C}.Release|Any CPU.ActiveCfg = Release|Any CPU
		{3070E36A-D042-454E-B99E-20337622CA1C}.Release|Any CPU.Build.0 = Release|Any CPU
		{DD44B997-86FF-4A72-850A-0B5CAEF5ABAE}.Debug|Any CPU.ActiveCfg = Debug|Any CPU
		{DD44B997-86FF-4A72-850A-0B5CAEF5ABAE}.Debug|Any CPU.Build.0 = Debug|Any CPU
		{DD44B997-86FF-4A72-850A-0B5CAEF5ABAE}.Release|Any CPU.ActiveCfg = Release|Any CPU
		{DD44B997-86FF-4A72-850A-0B5CAEF5ABAE}.Release|Any CPU.Build.0 = Release|Any CPU
		{8EF766E9-0E62-402B-BF1B-ED4E1950B0A9}.Debug|Any CPU.ActiveCfg = Debug|Any CPU
		{8EF766E9-0E62-402B-BF1B-ED4E1950B0A9}.Debug|Any CPU.Build.0 = Debug|Any CPU
		{8EF766E9-0E62-402B-BF1B-ED4E1950B0A9}.Release|Any CPU.ActiveCfg = Release|Any CPU
		{8EF766E9-0E62-402B-BF1B-ED4E1950B0A9}.Release|Any CPU.Build.0 = Release|Any CPU
		{866D50A8-D624-4836-B22A-348186DEF075}.Debug|Any CPU.ActiveCfg = Debug|Any CPU
		{866D50A8-D624-4836-B22A-348186DEF075}.Debug|Any CPU.Build.0 = Debug|Any CPU
		{866D50A8-D624-4836-B22A-348186DEF075}.Release|Any CPU.ActiveCfg = Release|Any CPU
		{866D50A8-D624-4836-B22A-348186DEF075}.Release|Any CPU.Build.0 = Release|Any CPU
		{C5442B55-780E-42C5-901C-80FEAAF59828}.Debug|Any CPU.ActiveCfg = Debug|Any CPU
		{C5442B55-780E-42C5-901C-80FEAAF59828}.Debug|Any CPU.Build.0 = Debug|Any CPU
		{C5442B55-780E-42C5-901C-80FEAAF59828}.Release|Any CPU.ActiveCfg = Release|Any CPU
		{C5442B55-780E-42C5-901C-80FEAAF59828}.Release|Any CPU.Build.0 = Release|Any CPU
		{2D1D34D5-4C1F-4254-9EA7-2D3C00357124}.Debug|Any CPU.ActiveCfg = Debug|Any CPU
		{2D1D34D5-4C1F-4254-9EA7-2D3C00357124}.Debug|Any CPU.Build.0 = Debug|Any CPU
		{2D1D34D5-4C1F-4254-9EA7-2D3C00357124}.Release|Any CPU.ActiveCfg = Release|Any CPU
		{2D1D34D5-4C1F-4254-9EA7-2D3C00357124}.Release|Any CPU.Build.0 = Release|Any CPU
	EndGlobalSection
	GlobalSection(SolutionProperties) = preSolution
		HideSolutionNode = FALSE
	EndGlobalSection
	GlobalSection(NestedProjects) = preSolution
		{3F905969-A26F-41A3-B22D-F502E93004B1} = {09F449DC-7A44-4D9E-9EC5-0F7A6176FE7B}
		{C282E560-171B-4DD8-89F9-E318EC9E010E} = {09F449DC-7A44-4D9E-9EC5-0F7A6176FE7B}
		{F55A012B-789D-40BB-84ED-E1DABD65E475} = {09F449DC-7A44-4D9E-9EC5-0F7A6176FE7B}
		{3070E36A-D042-454E-B99E-20337622CA1C} = {2CD983D4-F637-4105-9DE8-9DD6A3707C59}
		{DD44B997-86FF-4A72-850A-0B5CAEF5ABAE} = {2CD983D4-F637-4105-9DE8-9DD6A3707C59}
		{8EF766E9-0E62-402B-BF1B-ED4E1950B0A9} = {2CD983D4-F637-4105-9DE8-9DD6A3707C59}
		{866D50A8-D624-4836-B22A-348186DEF075} = {3069D48E-0DFB-492E-BE25-5B06230C7545}
		{C5442B55-780E-42C5-901C-80FEAAF59828} = {3069D48E-0DFB-492E-BE25-5B06230C7545}
		{2D1D34D5-4C1F-4254-9EA7-2D3C00357124} = {3069D48E-0DFB-492E-BE25-5B06230C7545}
	EndGlobalSection
	GlobalSection(ExtensibilityGlobals) = postSolution
		SolutionGuid = {0C42DE09-5F9F-4845-9AB8-3BE5F6B3F762}
	EndGlobalSection
EndGlobal
